// !$*UTF8*$!
{
	archiveVersion = 1;
	classes = {
	};
	objectVersion = 55;
	objects = {

/* Begin PBXBuildFile section */
		C5B97CAB2886C3470071E6AC /* AppDelegate.swift in Sources */ = {isa = PBXBuildFile; fileRef = C5B97CAA2886C3470071E6AC /* AppDelegate.swift */; };
		C5B97CAD2886C3470071E6AC /* SceneDelegate.swift in Sources */ = {isa = PBXBuildFile; fileRef = C5B97CAC2886C3470071E6AC /* SceneDelegate.swift */; };
		C5B97CAF2886C3470071E6AC /* ViewController.swift in Sources */ = {isa = PBXBuildFile; fileRef = C5B97CAE2886C3470071E6AC /* ViewController.swift */; };
		C5B97CB22886C3470071E6AC /* Main.storyboard in Resources */ = {isa = PBXBuildFile; fileRef = C5B97CB02886C3470071E6AC /* Main.storyboard */; };
		C5B97CB42886C3490071E6AC /* Assets.xcassets in Resources */ = {isa = PBXBuildFile; fileRef = C5B97CB32886C3490071E6AC /* Assets.xcassets */; };
		C5B97CB72886C3490071E6AC /* LaunchScreen.storyboard in Resources */ = {isa = PBXBuildFile; fileRef = C5B97CB52886C3490071E6AC /* LaunchScreen.storyboard */; };
		C5B97CDF2886C5E70071E6AC /* PaingTableViewController.swift in Sources */ = {isa = PBXBuildFile; fileRef = C5B97CDE2886C5E70071E6AC /* PaingTableViewController.swift */; };
		C5B97CE12886CA250071E6AC /* CustomCell.swift in Sources */ = {isa = PBXBuildFile; fileRef = C5B97CE02886CA250071E6AC /* CustomCell.swift */; };
/* End PBXBuildFile section */

/* Begin PBXFileReference section */
		C5B97CA72886C3470071E6AC /* TableViewUpDownPaging.app */ = {isa = PBXFileReference; explicitFileType = wrapper.application; includeInIndex = 0; path = TableViewUpDownPaging.app; sourceTree = BUILT_PRODUCTS_DIR; };
		C5B97CAA2886C3470071E6AC /* AppDelegate.swift */ = {isa = PBXFileReference; lastKnownFileType = sourcecode.swift; path = AppDelegate.swift; sourceTree = "<group>"; };
		C5B97CAC2886C3470071E6AC /* SceneDelegate.swift */ = {isa = PBXFileReference; lastKnownFileType = sourcecode.swift; path = SceneDelegate.swift; sourceTree = "<group>"; };
		C5B97CAE2886C3470071E6AC /* ViewController.swift */ = {isa = PBXFileReference; lastKnownFileType = sourcecode.swift; path = ViewController.swift; sourceTree = "<group>"; };
		C5B97CB12886C3470071E6AC /* Base */ = {isa = PBXFileReference; lastKnownFileType = file.storyboard; name = Base; path = Base.lproj/Main.storyboard; sourceTree = "<group>"; };
		C5B97CB32886C3490071E6AC /* Assets.xcassets */ = {isa = PBXFileReference; lastKnownFileType = folder.assetcatalog; path = Assets.xcassets; sourceTree = "<group>"; };
		C5B97CB62886C3490071E6AC /* Base */ = {isa = PBXFileReference; lastKnownFileType = file.storyboard; name = Base; path = Base.lproj/LaunchScreen.storyboard; sourceTree = "<group>"; };
		C5B97CB82886C3490071E6AC /* Info.plist */ = {isa = PBXFileReference; lastKnownFileType = text.plist.xml; path = Info.plist; sourceTree = "<group>"; };
		C5B97CDE2886C5E70071E6AC /* PaingTableViewController.swift */ = {isa = PBXFileReference; lastKnownFileType = sourcecode.swift; path = PaingTableViewController.swift; sourceTree = "<group>"; };
		C5B97CE02886CA250071E6AC /* CustomCell.swift */ = {isa = PBXFileReference; lastKnownFileType = sourcecode.swift; path = CustomCell.swift; sourceTree = "<group>"; };
/* End PBXFileReference section */

/* Begin PBXFrameworksBuildPhase section */
		C5B97CA42886C3470071E6AC /* Frameworks */ = {
			isa = PBXFrameworksBuildPhase;
			buildActionMask = 2147483647;
			files = (
			);
			runOnlyForDeploymentPostprocessing = 0;
		};
/* End PBXFrameworksBuildPhase section */

/* Begin PBXGroup section */
		C5B97C9E2886C3470071E6AC = {
			isa = PBXGroup;
			children = (
				C5B97CA92886C3470071E6AC /* TableViewUpDownPaging */,
				C5B97CA82886C3470071E6AC /* Products */,
			);
			sourceTree = "<group>";
		};
		C5B97CA82886C3470071E6AC /* Products */ = {
			isa = PBXGroup;
			children = (
				C5B97CA72886C3470071E6AC /* TableViewUpDownPaging.app */,
			);
			name = Products;
			sourceTree = "<group>";
		};
		C5B97CA92886C3470071E6AC /* TableViewUpDownPaging */ = {
			isa = PBXGroup;
			children = (
				C5B97CE02886CA250071E6AC /* CustomCell.swift */,
				C5B97CDE2886C5E70071E6AC /* PaingTableViewController.swift */,
				C5B97CAA2886C3470071E6AC /* AppDelegate.swift */,
				C5B97CAC2886C3470071E6AC /* SceneDelegate.swift */,
				C5B97CAE2886C3470071E6AC /* ViewController.swift */,
				C5B97CB02886C3470071E6AC /* Main.storyboard */,
				C5B97CB32886C3490071E6AC /* Assets.xcassets */,
				C5B97CB52886C3490071E6AC /* LaunchScreen.storyboard */,
				C5B97CB82886C3490071E6AC /* Info.plist */,
			);
			path = TableViewUpDownPaging;
			sourceTree = "<group>";
		};
/* End PBXGroup section */

/* Begin PBXNativeTarget section */
		C5B97CA62886C3470071E6AC /* TableViewUpDownPaging */ = {
			isa = PBXNativeTarget;
			buildConfigurationList = C5B97CBB2886C3490071E6AC /* Build configuration list for PBXNativeTarget "TableViewUpDownPaging" */;
			buildPhases = (
				C5B97CA32886C3470071E6AC /* Sources */,
				C5B97CA42886C3470071E6AC /* Frameworks */,
				C5B97CA52886C3470071E6AC /* Resources */,
			);
			buildRules = (
			);
			dependencies = (
			);
			name = TableViewUpDownPaging;
			productName = TableViewUpDownPaging;
			productReference = C5B97CA72886C3470071E6AC /* TableViewUpDownPaging.app */;
			productType = "com.apple.product-type.application";
		};
/* End PBXNativeTarget section */

/* Begin PBXProject section */
		C5B97C9F2886C3470071E6AC /* Project object */ = {
			isa = PBXProject;
			attributes = {
				BuildIndependentTargetsInParallel = 1;
				LastSwiftUpdateCheck = 1340;
				LastUpgradeCheck = 1340;
				TargetAttributes = {
					C5B97CA62886C3470071E6AC = {
						CreatedOnToolsVersion = 13.4.1;
					};
				};
			};
			buildConfigurationList = C5B97CA22886C3470071E6AC /* Build configuration list for PBXProject "TableViewUpDownPaging" */;
			compatibilityVersion = "Xcode 13.0";
			developmentRegion = en;
			hasScannedForEncodings = 0;
			knownRegions = (
				en,
				Base,
			);
			mainGroup = C5B97C9E2886C3470071E6AC;
			productRefGroup = C5B97CA82886C3470071E6AC /* Products */;
			projectDirPath = "";
			projectRoot = "";
			targets = (
				C5B97CA62886C3470071E6AC /* TableViewUpDownPaging */,
			);
		};
/* End PBXProject section */

/* Begin PBXResourcesBuildPhase section */
		C5B97CA52886C3470071E6AC /* Resources */ = {
			isa = PBXResourcesBuildPhase;
			buildActionMask = 2147483647;
			files = (
				C5B97CB72886C3490071E6AC /* LaunchScreen.storyboard in Resources */,
				C5B97CB42886C3490071E6AC /* Assets.xcassets in Resources */,
				C5B97CB22886C3470071E6AC /* Main.storyboard in Resources */,
			);
			runOnlyForDeploymentPostprocessing = 0;
		};
/* End PBXResourcesBuildPhase section */

/* Begin PBXSourcesBuildPhase section */
		C5B97CA32886C3470071E6AC /* Sources */ = {
			isa = PBXSourcesBuildPhase;
			buildActionMask = 2147483647;
			files = (
				C5B97CAF2886C3470071E6AC /* ViewController.swift in Sources */,
				C5B97CAB2886C3470071E6AC /* AppDelegate.swift in Sources */,
				C5B97CE12886CA250071E6AC /* CustomCell.swift in Sources */,
				C5B97CAD2886C3470071E6AC /* SceneDelegate.swift in Sources */,
				C5B97CDF2886C5E70071E6AC /* PaingTableViewController.swift in Sources */,
			);
			runOnlyForDeploymentPostprocessing = 0;
		};
/* End PBXSourcesBuildPhase section */

/* Begin PBXVariantGroup section */
		C5B97CB02886C3470071E6AC /* Main.storyboard */ = {
			isa = PBXVariantGroup;
			children = (
				C5B97CB12886C3470071E6AC /* Base */,
			);
			name = Main.storyboard;
			sourceTree = "<group>";
		};
		C5B97CB52886C3490071E6AC /* LaunchScreen.storyboard */ = {
			isa = PBXVariantGroup;
			children = (
				C5B97CB62886C3490071E6AC /* Base */,
			);
			name = LaunchScreen.storyboard;
			sourceTree = "<group>";
		};
/* End PBXVariantGroup section */

/* Begin XCBuildConfiguration section */
		C5B97CB92886C3490071E6AC /* Debug */ = {
			isa = XCBuildConfiguration;
			buildSettings = {
				ALWAYS_SEARCH_USER_PATHS = NO;
				CLANG_ANALYZER_NONNULL = YES;
				CLANG_ANALYZER_NUMBER_OBJECT_CONVERSION = YES_AGGRESSIVE;
				CLANG_CXX_LANGUAGE_STANDARD = "gnu++17";
				CLANG_ENABLE_MODULES = YES;
				CLANG_ENABLE_OBJC_ARC = YES;
				CLANG_ENABLE_OBJC_WEAK = YES;
				CLANG_WARN_BLOCK_CAPTURE_AUTORELEASING = YES;
				CLANG_WARN_BOOL_CONVERSION = YES;
				CLANG_WARN_COMMA = YES;
				CLANG_WARN_CONSTANT_CONVERSION = YES;
				CLANG_WARN_DEPRECATED_OBJC_IMPLEMENTATIONS = YES;
				CLANG_WARN_DIRECT_OBJC_ISA_USAGE = YES_ERROR;
				CLANG_WARN_DOCUMENTATION_COMMENTS = YES;
				CLANG_WARN_EMPTY_BODY = YES;
				CLANG_WARN_ENUM_CONVERSION = YES;
				CLANG_WARN_INFINITE_RECURSION = YES;
				CLANG_WARN_INT_CONVERSION = YES;
				CLANG_WARN_NON_LITERAL_NULL_CONVERSION = YES;
				CLANG_WARN_OBJC_IMPLICIT_RETAIN_SELF = YES;
				CLANG_WARN_OBJC_LITERAL_CONVERSION = YES;
				CLANG_WARN_OBJC_ROOT_CLASS = YES_ERROR;
				CLANG_WARN_QUOTED_INCLUDE_IN_FRAMEWORK_HEADER = YES;
				CLANG_WARN_RANGE_LOOP_ANALYSIS = YES;
				CLANG_WARN_STRICT_PROTOTYPES = YES;
				CLANG_WARN_SUSPICIOUS_MOVE = YES;
				CLANG_WARN_UNGUARDED_AVAILABILITY = YES_AGGRESSIVE;
				CLANG_WARN_UNREACHABLE_CODE = YES;
				CLANG_WARN__DUPLICATE_METHOD_MATCH = YES;
				COPY_PHASE_STRIP = NO;
				DEBUG_INFORMATION_FORMAT = dwarf;
				ENABLE_STRICT_OBJC_MSGSEND = YES;
				ENABLE_TESTABILITY = YES;
				GCC_C_LANGUAGE_STANDARD = gnu11;
				GCC_DYNAMIC_NO_PIC = NO;
				GCC_NO_COMMON_BLOCKS = YES;
				GCC_OPTIMIZATION_LEVEL = 0;
				GCC_PREPROCESSOR_DEFINITIONS = (
					"DEBUG=1",
					"$(inherited)",
				);
				GCC_WARN_64_TO_32_BIT_CONVERSION = YES;
				GCC_WARN_ABOUT_RETURN_TYPE = YES_ERROR;
				GCC_WARN_UNDECLARED_SELECTOR = YES;
				GCC_WARN_UNINITIALIZED_AUTOS = YES_AGGRESSIVE;
				GCC_WARN_UNUSED_FUNCTION = YES;
				GCC_WARN_UNUSED_VARIABLE = YES;
				IPHONEOS_DEPLOYMENT_TARGET = 15.5;
				MTL_ENABLE_DEBUG_INFO = INCLUDE_SOURCE;
				MTL_FAST_MATH = YES;
				ONLY_ACTIVE_ARCH = YES;
				SDKROOT = iphoneos;
				SWIFT_ACTIVE_COMPILATION_CONDITIONS = DEBUG;
				SWIFT_OPTIMIZATION_LEVEL = "-Onone";
			};
			name = Debug;
		};
		C5B97CBA2886C3490071E6AC /* Release */ = {
			isa = XCBuildConfiguration;
			buildSettings = {
				ALWAYS_SEARCH_USER_PATHS = NO;
				CLANG_ANALYZER_NONNULL = YES;
				CLANG_ANALYZER_NUMBER_OBJECT_CONVERSION = YES_AGGRESSIVE;
				CLANG_CXX_LANGUAGE_STANDARD = "gnu++17";
				CLANG_ENABLE_MODULES = YES;
				CLANG_ENABLE_OBJC_ARC = YES;
				CLANG_ENABLE_OBJC_WEAK = YES;
				CLANG_WARN_BLOCK_CAPTURE_AUTORELEASING = YES;
				CLANG_WARN_BOOL_CONVERSION = YES;
				CLANG_WARN_COMMA = YES;
				CLANG_WARN_CONSTANT_CONVERSION = YES;
				CLANG_WARN_DEPRECATED_OBJC_IMPLEMENTATIONS = YES;
				CLANG_WARN_DIRECT_OBJC_ISA_USAGE = YES_ERROR;
				CLANG_WARN_DOCUMENTATION_COMMENTS = YES;
				CLANG_WARN_EMPTY_BODY = YES;
				CLANG_WARN_ENUM_CONVERSION = YES;
				CLANG_WARN_INFINITE_RECURSION = YES;
				CLANG_WARN_INT_CONVERSION = YES;
				CLANG_WARN_NON_LITERAL_NULL_CONVERSION = YES;
				CLANG_WARN_OBJC_IMPLICIT_RETAIN_SELF = YES;
				CLANG_WARN_OBJC_LITERAL_CONVERSION = YES;
				CLANG_WARN_OBJC_ROOT_CLASS = YES_ERROR;
				CLANG_WARN_QUOTED_INCLUDE_IN_FRAMEWORK_HEADER = YES;
				CLANG_WARN_RANGE_LOOP_ANALYSIS = YES;
				CLANG_WARN_STRICT_PROTOTYPES = YES;
				CLANG_WARN_SUSPICIOUS_MOVE = YES;
				CLANG_WARN_UNGUARDED_AVAILABILITY = YES_AGGRESSIVE;
				CLANG_WARN_UNREACHABLE_CODE = YES;
				CLANG_WARN__DUPLICATE_METHOD_MATCH = YES;
				COPY_PHASE_STRIP = NO;
				DEBUG_INFORMATION_FORMAT = "dwarf-with-dsym";
				ENABLE_NS_ASSERTIONS = NO;
				ENABLE_STRICT_OBJC_MSGSEND = YES;
				GCC_C_LANGUAGE_STANDARD = gnu11;
				GCC_NO_COMMON_BLOCKS = YES;
				GCC_WARN_64_TO_32_BIT_CONVERSION = YES;
				GCC_WARN_ABOUT_RETURN_TYPE = YES_ERROR;
				GCC_WARN_UNDECLARED_SELECTOR = YES;
				GCC_WARN_UNINITIALIZED_AUTOS = YES_AGGRESSIVE;
				GCC_WARN_UNUSED_FUNCTION = YES;
				GCC_WARN_UNUSED_VARIABLE = YES;
				IPHONEOS_DEPLOYMENT_TARGET = 15.5;
				MTL_ENABLE_DEBUG_INFO = NO;
				MTL_FAST_MATH = YES;
				SDKROOT = iphoneos;
				SWIFT_COMPILATION_MODE = wholemodule;
				SWIFT_OPTIMIZATION_LEVEL = "-O";
				VALIDATE_PRODUCT = YES;
			};
			name = Release;
		};
		C5B97CBC2886C3490071E6AC /* Debug */ = {
			isa = XCBuildConfiguration;
			buildSettings = {
				ASSETCATALOG_COMPILER_APPICON_NAME = AppIcon;
				ASSETCATALOG_COMPILER_GLOBAL_ACCENT_COLOR_NAME = AccentColor;
				CODE_SIGN_STYLE = Automatic;
				CURRENT_PROJECT_VERSION = 1;
				DEVELOPMENT_TEAM = 3A5J473CPP;
				GENERATE_INFOPLIST_FILE = YES;
				INFOPLIST_FILE = TableViewUpDownPaging/Info.plist;
				INFOPLIST_KEY_UIApplicationSupportsIndirectInputEvents = YES;
				INFOPLIST_KEY_UILaunchStoryboardName = LaunchScreen;
				INFOPLIST_KEY_UIMainStoryboardFile = Main;
				INFOPLIST_KEY_UISupportedInterfaceOrientations_iPad = "UIInterfaceOrientationPortrait UIInterfaceOrientationPortraitUpsideDown UIInterfaceOrientationLandscapeLeft UIInterfaceOrientationLandscapeRight";
				INFOPLIST_KEY_UISupportedInterfaceOrientations_iPhone = "UIInterfaceOrientationPortrait UIInterfaceOrientationLandscapeLeft UIInterfaceOrientationLandscapeRight";
				LD_RUNPATH_SEARCH_PATHS = (
					"$(inherited)",
					"@executable_path/Frameworks",
				);
				MARKETING_VERSION = 1.0;
				PRODUCT_BUNDLE_IDENTIFIER = com.TableViewUpDownPaging;
				PRODUCT_NAME = "$(TARGET_NAME)";
				SWIFT_EMIT_LOC_STRINGS = YES;
				SWIFT_VERSION = 5.0;
				TARGETED_DEVICE_FAMILY = "1,2";
			};
			name = Debug;
		};
		C5B97CBD2886C3490071E6AC /* Release */ = {
			isa = XCBuildConfiguration;
			buildSettings = {
				ASSETCATALOG_COMPILER_APPICON_NAME = AppIcon;
				ASSETCATALOG_COMPILER_GLOBAL_ACCENT_COLOR_NAME = AccentColor;
				CODE_SIGN_STYLE = Automatic;
				CURRENT_PROJECT_VERSION = 1;
				DEVELOPMENT_TEAM = 3A5J473CPP;
				GENERATE_INFOPLIST_FILE = YES;
				INFOPLIST_FILE = TableViewUpDownPaging/Info.plist;
				INFOPLIST_KEY_UIApplicationSupportsIndirectInputEvents = YES;
				INFOPLIST_KEY_UILaunchStoryboardName = LaunchScreen;
				INFOPLIST_KEY_UIMainStoryboardFile = Main;
				INFOPLIST_KEY_UISupportedInterfaceOrientations_iPad = "UIInterfaceOrientationPortrait UIInterfaceOrientationPortraitUpsideDown UIInterfaceOrientationLandscapeLeft UIInterfaceOrientationLandscapeRight";
				INFOPLIST_KEY_UISupportedInterfaceOrientations_iPhone = "UIInterfaceOrientationPortrait UIInterfaceOrientationLandscapeLeft UIInterfaceOrientationLandscapeRight";
				LD_RUNPATH_SEARCH_PATHS = (
					"$(inherited)",
					"@executable_path/Frameworks",
				);
				MARKETING_VERSION = 1.0;
				PRODUCT_BUNDLE_IDENTIFIER = com.TableViewUpDownPaging;
				PRODUCT_NAME = "$(TARGET_NAME)";
				SWIFT_EMIT_LOC_STRINGS = YES;
				SWIFT_VERSION = 5.0;
				TARGETED_DEVICE_FAMILY = "1,2";
			};
			name = Release;
		};
/* End XCBuildConfiguration section */

/* Begin XCConfigurationList section */
		C5B97CA22886C3470071E6AC /* Build configuration list for PBXProject "TableViewUpDownPaging" */ = {
			isa = XCConfigurationList;
			buildConfigurations = (
				C5B97CB92886C3490071E6AC /* Debug */,
				C5B97CBA2886C3490071E6AC /* Release */,
			);
			defaultConfigurationIsVisible = 0;
			defaultConfigurationName = Release;
		};
		C5B97CBB2886C3490071E6AC /* Build configuration list for PBXNativeTarget "TableViewUpDownPaging" */ = {
			isa = XCConfigurationList;
			buildConfigurations = (
				C5B97CBC2886C3490071E6AC /* Debug */,
				C5B97CBD2886C3490071E6AC /* Release */,
			);
			defaultConfigurationIsVisible = 0;
			defaultConfigurationName = Release;
		};
/* End XCConfigurationList section */
	};
	rootObject = C5B97C9F2886C3470071E6AC /* Project object */;
}
